
Microsoft Visual Studio Solution File, Format Version 12.00
# Visual Studio 15
VisualStudioVersion = 15.0.27703.2000
MinimumVisualStudioVersion = 10.0.40219.1
Project("{FAE04EC0-301F-11D3-BF4B-00C04F79EFBC}") = "THD_App_4k", "THD_App\THD_App_4k.csproj", "{F8FB030B-C396-4D09-BAF3-22030E11C386}"
EndProject
Global
	GlobalSection(SolutionConfigurationPlatforms) = preSolution
		Debug|Any CPU = Debug|Any CPU
		Release|Any CPU = Release|Any CPU
	EndGlobalSection
	GlobalSection(ProjectConfigurationPlatforms) = postSolution
		{F8FB030B-C396-4D09-BAF3-22030E11C386}.Debug|Any CPU.ActiveCfg = Debug|Any CPU
		{F8FB030B-C396-4D09-BAF3-22030E11C386}.Debug|Any CPU.Build.0 = Debug|Any CPU
		{F8FB030B-C396-4D09-BAF3-22030E11C386}.Release|Any CPU.ActiveCfg = Release|Any CPU
		{F8FB030B-C396-4D09-BAF3-22030E11C386}.Release|Any CPU.Build.0 = Release|Any CPU
	EndGlobalSection
	GlobalSection(SolutionProperties) = preSolution
		HideSolutionNode = FALSE
	EndGlobalSection
	GlobalSection(ExtensibilityGlobals) = postSolution
		SolutionGuid = {6C6C60D6-65A3-4190-8EB2-FB2246B3894F}
	EndGlobalSection
EndGlobal
